
Microsoft Visual Studio Solution File, Format Version 12.00
# Visual Studio Express 2013 for Web
VisualStudioVersion = 12.0.31101.0
MinimumVisualStudioVersion = 10.0.40219.1
Project("{FAE04EC0-301F-11D3-BF4B-00C04F79EFBC}") = "IPV_FACTORIT_FE", "IPV_FACTORIT_FE\IPV_FACTORIT_FE.csproj", "{ED2B0461-C059-40FD-996A-2F587033BB5D}"
EndProject
Project("{FAE04EC0-301F-11D3-BF4B-00C04F79EFBC}") = "IPV_BE", "..\IPV_BE\IPV_BE\IPV_BE.csproj", "{CCD3D223-C72B-49B7-9BC6-7E5EAE7485EF}"
EndProject
Project("{FAE04EC0-301F-11D3-BF4B-00C04F79EFBC}") = "IPV_BU_FACTORIT", "..\..\..\Visual Studio 2010\Projects\IPV_BU_FACTORIT\IPV_BU_FACTORIT\IPV_BU_FACTORIT.csproj", "{3F8BEA5B-1086-4E61-842B-23EA3B88B579}"
EndProject
Global
	GlobalSection(SolutionConfigurationPlatforms) = preSolution
		Debug|Any CPU = Debug|Any CPU
		Release|Any CPU = Release|Any CPU
	EndGlobalSection
	GlobalSection(ProjectConfigurationPlatforms) = postSolution
		{ED2B0461-C059-40FD-996A-2F587033BB5D}.Debug|Any CPU.ActiveCfg = Debug|Any CPU
		{ED2B0461-C059-40FD-996A-2F587033BB5D}.Debug|Any CPU.Build.0 = Debug|Any CPU
		{ED2B0461-C059-40FD-996A-2F587033BB5D}.Release|Any CPU.ActiveCfg = Release|Any CPU
		{ED2B0461-C059-40FD-996A-2F587033BB5D}.Release|Any CPU.Build.0 = Release|Any CPU
		{CCD3D223-C72B-49B7-9BC6-7E5EAE7485EF}.Debug|Any CPU.ActiveCfg = Debug|Any CPU
		{CCD3D223-C72B-49B7-9BC6-7E5EAE7485EF}.Debug|Any CPU.Build.0 = Debug|Any CPU
		{CCD3D223-C72B-49B7-9BC6-7E5EAE7485EF}.Release|Any CPU.ActiveCfg = Release|Any CPU
		{CCD3D223-C72B-49B7-9BC6-7E5EAE7485EF}.Release|Any CPU.Build.0 = Release|Any CPU
		{3F8BEA5B-1086-4E61-842B-23EA3B88B579}.Debug|Any CPU.ActiveCfg = Debug|Any CPU
		{3F8BEA5B-1086-4E61-842B-23EA3B88B579}.Debug|Any CPU.Build.0 = Debug|Any CPU
		{3F8BEA5B-1086-4E61-842B-23EA3B88B579}.Release|Any CPU.ActiveCfg = Release|Any CPU
		{3F8BEA5B-1086-4E61-842B-23EA3B88B579}.Release|Any CPU.Build.0 = Release|Any CPU
	EndGlobalSection
	GlobalSection(SolutionProperties) = preSolution
		HideSolutionNode = FALSE
	EndGlobalSection
EndGlobal
